
Microsoft Visual Studio Solution File, Format Version 12.00
# Visual Studio Version 16
VisualStudioVersion = 16.0.30907.101
MinimumVisualStudioVersion = 10.0.40219.1
Project("{FAE04EC0-301F-11D3-BF4B-00C04F79EFBC}") = "DiscordOxO", "DiscordOxO\DiscordOxO.csproj", "{B66571A8-3C15-49C7-BE22-96A97F6635CE}"
EndProject
Global
	GlobalSection(SolutionConfigurationPlatforms) = preSolution
		Debug|Any CPU = Debug|Any CPU
		Release|Any CPU = Release|Any CPU
	EndGlobalSection
	GlobalSection(ProjectConfigurationPlatforms) = postSolution
		{B66571A8-3C15-49C7-BE22-96A97F6635CE}.Debug|Any CPU.ActiveCfg = Debug|Any CPU
		{B66571A8-3C15-49C7-BE22-96A97F6635CE}.Debug|Any CPU.Build.0 = Debug|Any CPU
		{B66571A8-3C15-49C7-BE22-96A97F6635CE}.Release|Any CPU.ActiveCfg = Release|Any CPU
		{B66571A8-3C15-49C7-BE22-96A97F6635CE}.Release|Any CPU.Build.0 = Release|Any CPU
	EndGlobalSection
	GlobalSection(SolutionProperties) = preSolution
		HideSolutionNode = FALSE
	EndGlobalSection
	GlobalSection(ExtensibilityGlobals) = postSolution
		SolutionGuid = {B58970AA-2EBE-40F3-8513-A2582535FDF1}
	EndGlobalSection
EndGlobal
